<?xml version="1.0" encoding="utf-8"?>
<Project ToolsVersion="4.0" xmlns="http://schemas.microsoft.com/developer/msbuild/2003">
  <ItemGroup>
    <Filter Include="Dummy">
      <UniqueIdentifier>{F1880F0D-5D9D-37BE-261F-DB1D92F233EF}</UniqueIdentifier>
    </Filter>
    <Filter Include="Dummy\Application">
      <UniqueIdentifier>{34B6D011-A0CC-CEA7-E943-5AC955999F2F}</UniqueIdentifier>
    </Filter>
  </ItemGroup>
  <ItemGroup>
    <ClInclude Include="src\Dummy.h" />
    <ClInclude Include="src\Dummy\Application\Application.h">
      <Filter>Dummy\Application</Filter>
    </ClInclude>
    <ClInclude Include="src\Dummy\Core.h">
      <Filter>Dummy</Filter>
    </ClInclude>
    <ClInclude Include="src\Dummy\EntryPoint.h">
      <Filter>Dummy</Filter>
    </ClInclude>
  </ItemGroup>
  <ItemGroup>
    <ClCompile Include="src\Dummy\Application\Application.cpp">
      <Filter>Dummy\Application</Filter>
    </ClCompile>
  </ItemGroup>
</Project>