<?xml version="1.0" encoding="utf-8"?>
<Project ToolsVersion="4.0" xmlns="http://schemas.microsoft.com/developer/msbuild/2003">
  <ItemGroup>
    <Filter Include="Dummy">
      <UniqueIdentifier>{F1880F0D-5D9D-37BE-261F-DB1D92F233EF}</UniqueIdentifier>
    </Filter>
    <Filter Include="Dummy\Application">
      <UniqueIdentifier>{34B6D011-A0CC-CEA7-E943-5AC955999F2F}</UniqueIdentifier>
    </Filter>
    <Filter Include="Dummy\Event">
      <UniqueIdentifier>{023BEE36-6EF0-662C-F7E4-600363995D30}</UniqueIdentifier>
    </Filter>
    <Filter Include="Dummy\Event\Events">
      <UniqueIdentifier>{A630372F-9214-F884-FB74-F2D7E777E206}</UniqueIdentifier>
    </Filter>
    <Filter Include="Dummy\ImGui">
      <UniqueIdentifier>{DB2E3137-47E4-A92C-D0D8-A3033C8DA030}</UniqueIdentifier>
    </Filter>
    <Filter Include="Dummy\Input">
      <UniqueIdentifier>{B0693237-1C1F-AB2C-A513-A50311C8A130}</UniqueIdentifier>
    </Filter>
    <Filter Include="Dummy\Key & MouseCodes">
      <UniqueIdentifier>{26C1D09B-12BB-F9ED-FB27-90FEE7C05F5A}</UniqueIdentifier>
    </Filter>
    <Filter Include="Dummy\Layers System">
      <UniqueIdentifier>{55E8BFEC-C149-9DFA-4AB7-E3ACB617D4B9}</UniqueIdentifier>
    </Filter>
    <Filter Include="Dummy\Layers System\Layer">
      <UniqueIdentifier>{E1105D09-4DD3-9093-9683-1F2002856971}</UniqueIdentifier>
    </Filter>
    <Filter Include="Dummy\Layers System\Layer Stack">
      <UniqueIdentifier>{57C19C77-C3A4-ABB7-CCA7-D9F3380A7208}</UniqueIdentifier>
    </Filter>
    <Filter Include="Dummy\Log">
      <UniqueIdentifier>{42B1B7AA-AE1B-6C21-F759-1DC763034A76}</UniqueIdentifier>
    </Filter>
    <Filter Include="Dummy\Window">
      <UniqueIdentifier>{B8FCCB3D-A45F-5BE2-4DE5-939839272765}</UniqueIdentifier>
    </Filter>
    <Filter Include="Platform">
      <UniqueIdentifier>{2AC788B4-1694-E3BF-3FAD-D1672BD9184E}</UniqueIdentifier>
    </Filter>
    <Filter Include="Platform\OpenGL">
      <UniqueIdentifier>{1E7D2C1D-8A08-9AE1-9319-1DD6FF23F6E1}</UniqueIdentifier>
    </Filter>
    <Filter Include="Platform\Windows">
      <UniqueIdentifier>{64FBD71A-50F4-F66C-7926-DCF1657ED678}</UniqueIdentifier>
    </Filter>
    <Filter Include="Platform\Windows\Input">
      <UniqueIdentifier>{63A6717E-4FA0-9AD0-380D-31E124A6003D}</UniqueIdentifier>
    </Filter>
    <Filter Include="Platform\Windows\Window">
      <UniqueIdentifier>{CBCFF26C-3707-3B04-4011-9F27ACC761FD}</UniqueIdentifier>
    </Filter>
  </ItemGroup>
  <ItemGroup>
    <ClInclude Include="src\DEpch.h" />
    <ClInclude Include="src\Dummy.h" />
    <ClInclude Include="src\Dummy\Application\Application.h">
      <Filter>Dummy\Application</Filter>
    </ClInclude>
    <ClInclude Include="src\Dummy\Core.h">
      <Filter>Dummy</Filter>
    </ClInclude>
    <ClInclude Include="src\Dummy\EntryPoint.h">
      <Filter>Dummy</Filter>
    </ClInclude>
    <ClInclude Include="src\Dummy\Event\Event.h">
      <Filter>Dummy\Event</Filter>
    </ClInclude>
    <ClInclude Include="src\Dummy\Event\Events\ApplicationEvent.h">
      <Filter>Dummy\Event\Events</Filter>
    </ClInclude>
    <ClInclude Include="src\Dummy\Event\Events\KeyEvent.h">
      <Filter>Dummy\Event\Events</Filter>
    </ClInclude>
    <ClInclude Include="src\Dummy\Event\Events\MouseEvent.h">
      <Filter>Dummy\Event\Events</Filter>
    </ClInclude>
    <ClInclude Include="src\Dummy\ImGui\ImGuiLayer.h">
      <Filter>Dummy\ImGui</Filter>
    </ClInclude>
    <ClInclude Include="src\Dummy\Input\Input.h">
      <Filter>Dummy\Input</Filter>
    </ClInclude>
    <ClInclude Include="src\Dummy\Key & MouseCodes\KeyCodes.h">
      <Filter>Dummy\Key & MouseCodes</Filter>
    </ClInclude>
    <ClInclude Include="src\Dummy\Key & MouseCodes\MouseCodes.h">
      <Filter>Dummy\Key & MouseCodes</Filter>
    </ClInclude>
    <ClInclude Include="src\Dummy\Layers System\Layer Stack\LayerStack.h">
      <Filter>Dummy\Layers System\Layer Stack</Filter>
    </ClInclude>
    <ClInclude Include="src\Dummy\Layers System\Layer\Layer.h">
      <Filter>Dummy\Layers System\Layer</Filter>
    </ClInclude>
    <ClInclude Include="src\Dummy\Log\Log.h">
      <Filter>Dummy\Log</Filter>
    </ClInclude>
    <ClInclude Include="src\Dummy\Window\Window.h">
      <Filter>Dummy\Window</Filter>
    </ClInclude>
    <ClInclude Include="src\Platform\OpenGL\imgui_impl_opengl3.h">
      <Filter>Platform\OpenGL</Filter>
    </ClInclude>
    <ClInclude Include="src\Platform\OpenGL\imgui_impl_opengl3_loader.h">
      <Filter>Platform\OpenGL</Filter>
    </ClInclude>
    <ClInclude Include="src\Platform\Windows\Input\WindowsInput.h">
      <Filter>Platform\Windows\Input</Filter>
    </ClInclude>
    <ClInclude Include="src\Platform\Windows\Window\WindowsWindow.h">
      <Filter>Platform\Windows\Window</Filter>
    </ClInclude>
  </ItemGroup>
  <ItemGroup>
    <ClCompile Include="src\DEpch.cpp" />
    <ClCompile Include="src\Dummy\Application\Application.cpp">
      <Filter>Dummy\Application</Filter>
    </ClCompile>
    <ClCompile Include="src\Dummy\ImGui\ImGuiLayer.cpp">
      <Filter>Dummy\ImGui</Filter>
    </ClCompile>
    <ClCompile Include="src\Dummy\Layers System\Layer Stack\LayerStack.cpp">
      <Filter>Dummy\Layers System\Layer Stack</Filter>
    </ClCompile>
    <ClCompile Include="src\Dummy\Layers System\Layer\Layer.cpp">
      <Filter>Dummy\Layers System\Layer</Filter>
    </ClCompile>
    <ClCompile Include="src\Dummy\Log\Log.cpp">
      <Filter>Dummy\Log</Filter>
    </ClCompile>
    <ClCompile Include="src\Platform\OpenGL\imgui_impl_opengl3.cpp">
      <Filter>Platform\OpenGL</Filter>
    </ClCompile>
    <ClCompile Include="src\Platform\Windows\Input\WindowsInput.cpp">
      <Filter>Platform\Windows\Input</Filter>
    </ClCompile>
    <ClCompile Include="src\Platform\Windows\Window\WindowsWindow.cpp">
      <Filter>Platform\Windows\Window</Filter>
    </ClCompile>
  </ItemGroup>
</Project>